
Microsoft Visual Studio Solution File, Format Version 12.00
# Visual Studio Version 17
VisualStudioVersion = 17.0.31919.166
MinimumVisualStudioVersion = 10.0.40219.1
Project("{9A19103F-16F7-4668-BE54-9A1E7A4F7556}") = "ConsoleApp3", "ConsoleApp3\ConsoleApp3.csproj", "{5007AFEB-BFF7-4C85-9F29-37BCB42C830B}"
EndProject
Global
	GlobalSection(SolutionConfigurationPlatforms) = preSolution
		Debug|Any CPU = Debug|Any CPU
		Release|Any CPU = Release|Any CPU
	EndGlobalSection
	GlobalSection(ProjectConfigurationPlatforms) = postSolution
		{5007AFEB-BFF7-4C85-9F29-37BCB42C830B}.Debug|Any CPU.ActiveCfg = Debug|Any CPU
		{5007AFEB-BFF7-4C85-9F29-37BCB42C830B}.Debug|Any CPU.Build.0 = Debug|Any CPU
		{5007AFEB-BFF7-4C85-9F29-37BCB42C830B}.Release|Any CPU.ActiveCfg = Release|Any CPU
		{5007AFEB-BFF7-4C85-9F29-37BCB42C830B}.Release|Any CPU.Build.0 = Release|Any CPU
	EndGlobalSection
	GlobalSection(SolutionProperties) = preSolution
		HideSolutionNode = FALSE
	EndGlobalSection
	GlobalSection(ExtensibilityGlobals) = postSolution
		SolutionGuid = {01803F18-97DC-4018-8EE3-86C1612ABFCF}
	EndGlobalSection
EndGlobal
